
Microsoft Visual Studio Solution File, Format Version 12.00
# Visual Studio Version 16
VisualStudioVersion = 16.0.30114.105
MinimumVisualStudioVersion = 10.0.40219.1
Project("{FAE04EC0-301F-11D3-BF4B-00C04F79EFBC}") = "1_imageDisplay", "1_imageDisplay\1_imageDisplay.csproj", "{D80C1919-C471-46E0-8103-206A6A176286}"
EndProject
Global
	GlobalSection(SolutionConfigurationPlatforms) = preSolution
		Debug|Any CPU = Debug|Any CPU
		Release|Any CPU = Release|Any CPU
	EndGlobalSection
	GlobalSection(ProjectConfigurationPlatforms) = postSolution
		{D80C1919-C471-46E0-8103-206A6A176286}.Debug|Any CPU.ActiveCfg = Debug|Any CPU
		{D80C1919-C471-46E0-8103-206A6A176286}.Debug|Any CPU.Build.0 = Debug|Any CPU
		{D80C1919-C471-46E0-8103-206A6A176286}.Release|Any CPU.ActiveCfg = Release|Any CPU
		{D80C1919-C471-46E0-8103-206A6A176286}.Release|Any CPU.Build.0 = Release|Any CPU
	EndGlobalSection
	GlobalSection(SolutionProperties) = preSolution
		HideSolutionNode = FALSE
	EndGlobalSection
	GlobalSection(ExtensibilityGlobals) = postSolution
		SolutionGuid = {3C25F33F-B0A9-4213-9D03-221FE46FFECF}
	EndGlobalSection
EndGlobal
