
Microsoft Visual Studio Solution File, Format Version 12.00
# Visual Studio Version 16
VisualStudioVersion = 16.0.30114.105
MinimumVisualStudioVersion = 10.0.40219.1
Project("{FAE04EC0-301F-11D3-BF4B-00C04F79EFBC}") = "DrumMachine1", "DrumMachine1.csproj", "{DC636DB1-F17B-45E0-AAD5-845B1651A272}"
EndProject
Global
	GlobalSection(SolutionConfigurationPlatforms) = preSolution
		Debug|Any CPU = Debug|Any CPU
		Release|Any CPU = Release|Any CPU
	EndGlobalSection
	GlobalSection(ProjectConfigurationPlatforms) = postSolution
		{DC636DB1-F17B-45E0-AAD5-845B1651A272}.Debug|Any CPU.ActiveCfg = Debug|Any CPU
		{DC636DB1-F17B-45E0-AAD5-845B1651A272}.Debug|Any CPU.Build.0 = Debug|Any CPU
		{DC636DB1-F17B-45E0-AAD5-845B1651A272}.Release|Any CPU.ActiveCfg = Release|Any CPU
		{DC636DB1-F17B-45E0-AAD5-845B1651A272}.Release|Any CPU.Build.0 = Release|Any CPU
	EndGlobalSection
	GlobalSection(SolutionProperties) = preSolution
		HideSolutionNode = FALSE
	EndGlobalSection
	GlobalSection(ExtensibilityGlobals) = postSolution
		SolutionGuid = {C5F5BA50-AF95-4A8B-8921-61B1F64868F5}
	EndGlobalSection
EndGlobal
