
Microsoft Visual Studio Solution File, Format Version 12.00
# Visual Studio Version 16
VisualStudioVersion = 16.0.30114.105
MinimumVisualStudioVersion = 10.0.40219.1
Project("{FAE04EC0-301F-11D3-BF4B-00C04F79EFBC}") = "BinFileConcat", "BinFileConcat.csproj", "{8C33846D-456D-41D6-84B3-FF80843EE823}"
EndProject
Global
	GlobalSection(SolutionConfigurationPlatforms) = preSolution
		Debug|Any CPU = Debug|Any CPU
		Release|Any CPU = Release|Any CPU
	EndGlobalSection
	GlobalSection(ProjectConfigurationPlatforms) = postSolution
		{8C33846D-456D-41D6-84B3-FF80843EE823}.Debug|Any CPU.ActiveCfg = Debug|Any CPU
		{8C33846D-456D-41D6-84B3-FF80843EE823}.Debug|Any CPU.Build.0 = Debug|Any CPU
		{8C33846D-456D-41D6-84B3-FF80843EE823}.Release|Any CPU.ActiveCfg = Release|Any CPU
		{8C33846D-456D-41D6-84B3-FF80843EE823}.Release|Any CPU.Build.0 = Release|Any CPU
	EndGlobalSection
	GlobalSection(SolutionProperties) = preSolution
		HideSolutionNode = FALSE
	EndGlobalSection
	GlobalSection(ExtensibilityGlobals) = postSolution
		SolutionGuid = {025270D9-15F7-4261-BA40-1C4C7C702BE0}
	EndGlobalSection
EndGlobal
