
Microsoft Visual Studio Solution File, Format Version 12.00
# Visual Studio Version 16
VisualStudioVersion = 16.0.30114.105
MinimumVisualStudioVersion = 10.0.40219.1
Project("{FAE04EC0-301F-11D3-BF4B-00C04F79EFBC}") = "ConsoleForkBomb", "ConsoleForkBomb.csproj", "{C0C9A004-8259-41FB-BE65-F28647F5B700}"
EndProject
Global
	GlobalSection(SolutionConfigurationPlatforms) = preSolution
		Debug|Any CPU = Debug|Any CPU
		Release|Any CPU = Release|Any CPU
	EndGlobalSection
	GlobalSection(ProjectConfigurationPlatforms) = postSolution
		{C0C9A004-8259-41FB-BE65-F28647F5B700}.Debug|Any CPU.ActiveCfg = Debug|Any CPU
		{C0C9A004-8259-41FB-BE65-F28647F5B700}.Debug|Any CPU.Build.0 = Debug|Any CPU
		{C0C9A004-8259-41FB-BE65-F28647F5B700}.Release|Any CPU.ActiveCfg = Release|Any CPU
		{C0C9A004-8259-41FB-BE65-F28647F5B700}.Release|Any CPU.Build.0 = Release|Any CPU
	EndGlobalSection
	GlobalSection(SolutionProperties) = preSolution
		HideSolutionNode = FALSE
	EndGlobalSection
	GlobalSection(ExtensibilityGlobals) = postSolution
		SolutionGuid = {95ED19C1-91F0-4381-AD77-ADA357E8250B}
	EndGlobalSection
EndGlobal
