
Microsoft Visual Studio Solution File, Format Version 12.00
# Visual Studio Version 16
VisualStudioVersion = 16.0.30114.105
MinimumVisualStudioVersion = 10.0.40219.1
Project("{FAE04EC0-301F-11D3-BF4B-00C04F79EFBC}") = "Screensaver", "Screensaver.csproj", "{673DAE48-0FEC-4B42-821E-3DCBADAACA6A}"
EndProject
Global
	GlobalSection(SolutionConfigurationPlatforms) = preSolution
		Debug|Any CPU = Debug|Any CPU
		Release|Any CPU = Release|Any CPU
	EndGlobalSection
	GlobalSection(ProjectConfigurationPlatforms) = postSolution
		{673DAE48-0FEC-4B42-821E-3DCBADAACA6A}.Debug|Any CPU.ActiveCfg = Debug|Any CPU
		{673DAE48-0FEC-4B42-821E-3DCBADAACA6A}.Debug|Any CPU.Build.0 = Debug|Any CPU
		{673DAE48-0FEC-4B42-821E-3DCBADAACA6A}.Release|Any CPU.ActiveCfg = Release|Any CPU
		{673DAE48-0FEC-4B42-821E-3DCBADAACA6A}.Release|Any CPU.Build.0 = Release|Any CPU
	EndGlobalSection
	GlobalSection(SolutionProperties) = preSolution
		HideSolutionNode = FALSE
	EndGlobalSection
	GlobalSection(ExtensibilityGlobals) = postSolution
		SolutionGuid = {089A2B59-B24D-4DAE-8830-EFF7C6B3C48D}
	EndGlobalSection
EndGlobal
