
Microsoft Visual Studio Solution File, Format Version 12.00
# Visual Studio Version 16
VisualStudioVersion = 16.0.30114.105
MinimumVisualStudioVersion = 10.0.40219.1
Project("{FAE04EC0-301F-11D3-BF4B-00C04F79EFBC}") = "PulsatingASCII", "PulsatingASCII.csproj", "{BF17917D-767C-4A55-9CDE-38BABE27D197}"
EndProject
Project("{2150E333-8FDC-42A3-9474-1A3956D46DE8}") = "Solution Items", "Solution Items", "{32395DE2-7CF2-41B2-AD9A-3BC1DC5FFF4E}"
	ProjectSection(SolutionItems) = preProject
		.editorconfig = .editorconfig
	EndProjectSection
EndProject
Global
	GlobalSection(SolutionConfigurationPlatforms) = preSolution
		Debug|Any CPU = Debug|Any CPU
		Release|Any CPU = Release|Any CPU
	EndGlobalSection
	GlobalSection(ProjectConfigurationPlatforms) = postSolution
		{BF17917D-767C-4A55-9CDE-38BABE27D197}.Debug|Any CPU.ActiveCfg = Debug|Any CPU
		{BF17917D-767C-4A55-9CDE-38BABE27D197}.Debug|Any CPU.Build.0 = Debug|Any CPU
		{BF17917D-767C-4A55-9CDE-38BABE27D197}.Release|Any CPU.ActiveCfg = Release|Any CPU
		{BF17917D-767C-4A55-9CDE-38BABE27D197}.Release|Any CPU.Build.0 = Release|Any CPU
	EndGlobalSection
	GlobalSection(SolutionProperties) = preSolution
		HideSolutionNode = FALSE
	EndGlobalSection
	GlobalSection(ExtensibilityGlobals) = postSolution
		SolutionGuid = {19916926-F179-4DE3-A8CF-BA5E4CB8B897}
	EndGlobalSection
EndGlobal
