
Microsoft Visual Studio Solution File, Format Version 12.00
# Visual Studio Version 16
VisualStudioVersion = 16.0.29911.84
MinimumVisualStudioVersion = 10.0.40219.1
Project("{FAE04EC0-301F-11D3-BF4B-00C04F79EFBC}") = "ConsoleApp3", "ConsoleApp3.csproj", "{33519927-76BA-4AB3-9FA3-EFF784821A12}"
EndProject
Global
	GlobalSection(SolutionConfigurationPlatforms) = preSolution
		Debug|Any CPU = Debug|Any CPU
		Release|Any CPU = Release|Any CPU
	EndGlobalSection
	GlobalSection(ProjectConfigurationPlatforms) = postSolution
		{33519927-76BA-4AB3-9FA3-EFF784821A12}.Debug|Any CPU.ActiveCfg = Debug|Any CPU
		{33519927-76BA-4AB3-9FA3-EFF784821A12}.Debug|Any CPU.Build.0 = Debug|Any CPU
		{33519927-76BA-4AB3-9FA3-EFF784821A12}.Release|Any CPU.ActiveCfg = Release|Any CPU
		{33519927-76BA-4AB3-9FA3-EFF784821A12}.Release|Any CPU.Build.0 = Release|Any CPU
	EndGlobalSection
	GlobalSection(SolutionProperties) = preSolution
		HideSolutionNode = FALSE
	EndGlobalSection
	GlobalSection(ExtensibilityGlobals) = postSolution
		SolutionGuid = {EAF16803-7C9B-4B90-A006-3CAADA309C6E}
	EndGlobalSection
EndGlobal
