
Microsoft Visual Studio Solution File, Format Version 12.00
# Visual Studio Version 16
VisualStudioVersion = 16.0.30114.105
MinimumVisualStudioVersion = 10.0.40219.1
Project("{FAE04EC0-301F-11D3-BF4B-00C04F79EFBC}") = "RecursiveFileSearch", "RecursiveFileSearch.csproj", "{52A98B40-9EE0-4ABB-8FEF-A3D280D2975D}"
EndProject
Global
	GlobalSection(SolutionConfigurationPlatforms) = preSolution
		Debug|Any CPU = Debug|Any CPU
		Release|Any CPU = Release|Any CPU
	EndGlobalSection
	GlobalSection(ProjectConfigurationPlatforms) = postSolution
		{52A98B40-9EE0-4ABB-8FEF-A3D280D2975D}.Debug|Any CPU.ActiveCfg = Debug|Any CPU
		{52A98B40-9EE0-4ABB-8FEF-A3D280D2975D}.Debug|Any CPU.Build.0 = Debug|Any CPU
		{52A98B40-9EE0-4ABB-8FEF-A3D280D2975D}.Release|Any CPU.ActiveCfg = Release|Any CPU
		{52A98B40-9EE0-4ABB-8FEF-A3D280D2975D}.Release|Any CPU.Build.0 = Release|Any CPU
	EndGlobalSection
	GlobalSection(SolutionProperties) = preSolution
		HideSolutionNode = FALSE
	EndGlobalSection
	GlobalSection(ExtensibilityGlobals) = postSolution
		SolutionGuid = {36C75732-F443-4376-A8FD-2638628A71F6}
	EndGlobalSection
EndGlobal
