
Microsoft Visual Studio Solution File, Format Version 12.00
# Visual Studio Version 16
VisualStudioVersion = 16.0.30114.105
MinimumVisualStudioVersion = 10.0.40219.1
Project("{FAE04EC0-301F-11D3-BF4B-00C04F79EFBC}") = "SImpleStringCalculator", "SImpleStringCalculator.csproj", "{F3726A0B-2529-41B7-8426-73AC405FCFB3}"
EndProject
Global
	GlobalSection(SolutionConfigurationPlatforms) = preSolution
		Debug|Any CPU = Debug|Any CPU
		Release|Any CPU = Release|Any CPU
	EndGlobalSection
	GlobalSection(ProjectConfigurationPlatforms) = postSolution
		{F3726A0B-2529-41B7-8426-73AC405FCFB3}.Debug|Any CPU.ActiveCfg = Debug|Any CPU
		{F3726A0B-2529-41B7-8426-73AC405FCFB3}.Debug|Any CPU.Build.0 = Debug|Any CPU
		{F3726A0B-2529-41B7-8426-73AC405FCFB3}.Release|Any CPU.ActiveCfg = Release|Any CPU
		{F3726A0B-2529-41B7-8426-73AC405FCFB3}.Release|Any CPU.Build.0 = Release|Any CPU
	EndGlobalSection
	GlobalSection(SolutionProperties) = preSolution
		HideSolutionNode = FALSE
	EndGlobalSection
	GlobalSection(ExtensibilityGlobals) = postSolution
		SolutionGuid = {E05FF15E-F96E-461D-BE73-7CCB868D5D41}
	EndGlobalSection
EndGlobal
