
Microsoft Visual Studio Solution File, Format Version 12.00
# Visual Studio Version 16
VisualStudioVersion = 16.0.30114.105
MinimumVisualStudioVersion = 10.0.40219.1
Project("{FAE04EC0-301F-11D3-BF4B-00C04F79EFBC}") = "Animation", "Animation.csproj", "{C41E2F01-7D59-4A95-8EC9-F43BCFEA59ED}"
EndProject
Global
	GlobalSection(SolutionConfigurationPlatforms) = preSolution
		Debug|Any CPU = Debug|Any CPU
		Release|Any CPU = Release|Any CPU
	EndGlobalSection
	GlobalSection(ProjectConfigurationPlatforms) = postSolution
		{C41E2F01-7D59-4A95-8EC9-F43BCFEA59ED}.Debug|Any CPU.ActiveCfg = Debug|Any CPU
		{C41E2F01-7D59-4A95-8EC9-F43BCFEA59ED}.Debug|Any CPU.Build.0 = Debug|Any CPU
		{C41E2F01-7D59-4A95-8EC9-F43BCFEA59ED}.Release|Any CPU.ActiveCfg = Release|Any CPU
		{C41E2F01-7D59-4A95-8EC9-F43BCFEA59ED}.Release|Any CPU.Build.0 = Release|Any CPU
	EndGlobalSection
	GlobalSection(SolutionProperties) = preSolution
		HideSolutionNode = FALSE
	EndGlobalSection
	GlobalSection(ExtensibilityGlobals) = postSolution
		SolutionGuid = {1F1382B1-A0EB-4A5B-B5BF-9E1D0E988C8E}
	EndGlobalSection
EndGlobal
