
Microsoft Visual Studio Solution File, Format Version 12.00
# Visual Studio Version 16
VisualStudioVersion = 16.0.31515.178
MinimumVisualStudioVersion = 10.0.40219.1
Project("{FAE04EC0-301F-11D3-BF4B-00C04F79EFBC}") = "WLRC - Windows Location Reworker Companion", "WLRC - Windows Location Reworker Companion.csproj", "{8ADD45FC-9650-48A1-91FA-09432EF604E3}"
EndProject
Global
	GlobalSection(SolutionConfigurationPlatforms) = preSolution
		Debug|Any CPU = Debug|Any CPU
		Release|Any CPU = Release|Any CPU
	EndGlobalSection
	GlobalSection(ProjectConfigurationPlatforms) = postSolution
		{8ADD45FC-9650-48A1-91FA-09432EF604E3}.Debug|Any CPU.ActiveCfg = Debug|Any CPU
		{8ADD45FC-9650-48A1-91FA-09432EF604E3}.Debug|Any CPU.Build.0 = Debug|Any CPU
		{8ADD45FC-9650-48A1-91FA-09432EF604E3}.Release|Any CPU.ActiveCfg = Release|Any CPU
		{8ADD45FC-9650-48A1-91FA-09432EF604E3}.Release|Any CPU.Build.0 = Release|Any CPU
	EndGlobalSection
	GlobalSection(SolutionProperties) = preSolution
		HideSolutionNode = FALSE
	EndGlobalSection
	GlobalSection(ExtensibilityGlobals) = postSolution
		SolutionGuid = {34C51DC9-5D1A-4042-AD11-DC53AFB9E89E}
	EndGlobalSection
EndGlobal
