
Microsoft Visual Studio Solution File, Format Version 12.00
# Visual Studio Version 16
VisualStudioVersion = 16.0.30114.105
MinimumVisualStudioVersion = 10.0.40219.1
Project("{FAE04EC0-301F-11D3-BF4B-00C04F79EFBC}") = "StringLister", "StringLister.csproj", "{F385BE94-8A7B-4A8E-A094-4A878D1D7EC8}"
EndProject
Global
	GlobalSection(SolutionConfigurationPlatforms) = preSolution
		Debug|Any CPU = Debug|Any CPU
		Release|Any CPU = Release|Any CPU
	EndGlobalSection
	GlobalSection(ProjectConfigurationPlatforms) = postSolution
		{F385BE94-8A7B-4A8E-A094-4A878D1D7EC8}.Debug|Any CPU.ActiveCfg = Debug|Any CPU
		{F385BE94-8A7B-4A8E-A094-4A878D1D7EC8}.Debug|Any CPU.Build.0 = Debug|Any CPU
		{F385BE94-8A7B-4A8E-A094-4A878D1D7EC8}.Release|Any CPU.ActiveCfg = Release|Any CPU
		{F385BE94-8A7B-4A8E-A094-4A878D1D7EC8}.Release|Any CPU.Build.0 = Release|Any CPU
	EndGlobalSection
	GlobalSection(SolutionProperties) = preSolution
		HideSolutionNode = FALSE
	EndGlobalSection
	GlobalSection(ExtensibilityGlobals) = postSolution
		SolutionGuid = {E0A67D79-7926-41A6-8458-EBEF2106DF8F}
	EndGlobalSection
EndGlobal
